// !$*UTF8*$!
{
	archiveVersion = 1;
	classes = {
	};
	objectVersion = 46;
	objects = {

/* Begin PBXBuildFile section */
		845026961E9555370040C8EA /* AppDelegate.swift in Sources */ = {isa = PBXBuildFile; fileRef = 845026951E9555370040C8EA /* AppDelegate.swift */; };
		845026981E9555370040C8EA /* ViewController.swift in Sources */ = {isa = PBXBuildFile; fileRef = 845026971E9555370040C8EA /* ViewController.swift */; };
		8450269D1E9555370040C8EA /* Assets.xcassets in Resources */ = {isa = PBXBuildFile; fileRef = 8450269C1E9555370040C8EA /* Assets.xcassets */; };
		845026A01E9555370040C8EA /* LaunchScreen.storyboard in Resources */ = {isa = PBXBuildFile; fileRef = 8450269E1E9555370040C8EA /* LaunchScreen.storyboard */; };
		845026AB1E9555370040C8EA /* RaptorTests.swift in Sources */ = {isa = PBXBuildFile; fileRef = 845026AA1E9555370040C8EA /* RaptorTests.swift */; };
		845026B61E9555570040C8EA /* Sprite.swift in Sources */ = {isa = PBXBuildFile; fileRef = 845026B51E9555570040C8EA /* Sprite.swift */; };
		845026B81E95558D0040C8EA /* Vector.swift in Sources */ = {isa = PBXBuildFile; fileRef = 845026B71E95558D0040C8EA /* Vector.swift */; };
		845026BB1E9577740040C8EA /* GLKit.framework in Frameworks */ = {isa = PBXBuildFile; fileRef = 845026BA1E9577740040C8EA /* GLKit.framework */; };
		84ED943F1E96D53D00817045 /* StaticSprite.swift in Sources */ = {isa = PBXBuildFile; fileRef = 84ED943E1E96D53D00817045 /* StaticSprite.swift */; };
/* End PBXBuildFile section */

/* Begin PBXContainerItemProxy section */
		845026A71E9555370040C8EA /* PBXContainerItemProxy */ = {
			isa = PBXContainerItemProxy;
			containerPortal = 8450268A1E9555370040C8EA /* Project object */;
			proxyType = 1;
			remoteGlobalIDString = 845026911E9555370040C8EA;
			remoteInfo = Raptor;
		};
/* End PBXContainerItemProxy section */

/* Begin PBXFileReference section */
		845026921E9555370040C8EA /* Raptor.app */ = {isa = PBXFileReference; explicitFileType = wrapper.application; includeInIndex = 0; path = Raptor.app; sourceTree = BUILT_PRODUCTS_DIR; };
		845026951E9555370040C8EA /* AppDelegate.swift */ = {isa = PBXFileReference; lastKnownFileType = sourcecode.swift; path = AppDelegate.swift; sourceTree = "<group>"; };
		845026971E9555370040C8EA /* ViewController.swift */ = {isa = PBXFileReference; lastKnownFileType = sourcecode.swift; path = ViewController.swift; sourceTree = "<group>"; };
		8450269C1E9555370040C8EA /* Assets.xcassets */ = {isa = PBXFileReference; lastKnownFileType = folder.assetcatalog; path = Assets.xcassets; sourceTree = "<group>"; };
		8450269F1E9555370040C8EA /* Base */ = {isa = PBXFileReference; lastKnownFileType = file.storyboard; name = Base; path = Base.lproj/LaunchScreen.storyboard; sourceTree = "<group>"; };
		845026A11E9555370040C8EA /* Info.plist */ = {isa = PBXFileReference; lastKnownFileType = text.plist.xml; path = Info.plist; sourceTree = "<group>"; };
		845026A61E9555370040C8EA /* RaptorTests.xctest */ = {isa = PBXFileReference; explicitFileType = wrapper.cfbundle; includeInIndex = 0; path = RaptorTests.xctest; sourceTree = BUILT_PRODUCTS_DIR; };
		845026AA1E9555370040C8EA /* RaptorTests.swift */ = {isa = PBXFileReference; lastKnownFileType = sourcecode.swift; path = RaptorTests.swift; sourceTree = "<group>"; };
		845026AC1E9555370040C8EA /* Info.plist */ = {isa = PBXFileReference; lastKnownFileType = text.plist.xml; path = Info.plist; sourceTree = "<group>"; };
		845026B51E9555570040C8EA /* Sprite.swift */ = {isa = PBXFileReference; fileEncoding = 4; lastKnownFileType = sourcecode.swift; path = Sprite.swift; sourceTree = "<group>"; };
		845026B71E95558D0040C8EA /* Vector.swift */ = {isa = PBXFileReference; fileEncoding = 4; lastKnownFileType = sourcecode.swift; path = Vector.swift; sourceTree = "<group>"; };
		845026BA1E9577740040C8EA /* GLKit.framework */ = {isa = PBXFileReference; lastKnownFileType = wrapper.framework; name = GLKit.framework; path = System/Library/Frameworks/GLKit.framework; sourceTree = SDKROOT; };
		84ED943E1E96D53D00817045 /* StaticSprite.swift */ = {isa = PBXFileReference; fileEncoding = 4; lastKnownFileType = sourcecode.swift; path = StaticSprite.swift; sourceTree = "<group>"; };
/* End PBXFileReference section */

/* Begin PBXFrameworksBuildPhase section */
		8450268F1E9555370040C8EA /* Frameworks */ = {
			isa = PBXFrameworksBuildPhase;
			buildActionMask = 2147483647;
			files = (
				845026BB1E9577740040C8EA /* GLKit.framework in Frameworks */,
			);
			runOnlyForDeploymentPostprocessing = 0;
		};
		845026A31E9555370040C8EA /* Frameworks */ = {
			isa = PBXFrameworksBuildPhase;
			buildActionMask = 2147483647;
			files = (
			);
			runOnlyForDeploymentPostprocessing = 0;
		};
/* End PBXFrameworksBuildPhase section */

/* Begin PBXGroup section */
		845026891E9555370040C8EA = {
			isa = PBXGroup;
			children = (
				845026941E9555370040C8EA /* Raptor */,
				845026A91E9555370040C8EA /* RaptorTests */,
				845026931E9555370040C8EA /* Products */,
				845026B91E9577740040C8EA /* Frameworks */,
			);
			sourceTree = "<group>";
		};
		845026931E9555370040C8EA /* Products */ = {
			isa = PBXGroup;
			children = (
				845026921E9555370040C8EA /* Raptor.app */,
				845026A61E9555370040C8EA /* RaptorTests.xctest */,
			);
			name = Products;
			sourceTree = "<group>";
		};
		845026941E9555370040C8EA /* Raptor */ = {
			isa = PBXGroup;
			children = (
				845026951E9555370040C8EA /* AppDelegate.swift */,
				845026971E9555370040C8EA /* ViewController.swift */,
				845026B51E9555570040C8EA /* Sprite.swift */,
				84ED943E1E96D53D00817045 /* StaticSprite.swift */,
				845026B71E95558D0040C8EA /* Vector.swift */,
				8450269C1E9555370040C8EA /* Assets.xcassets */,
				8450269E1E9555370040C8EA /* LaunchScreen.storyboard */,
				845026A11E9555370040C8EA /* Info.plist */,
			);
			path = Raptor;
			sourceTree = "<group>";
		};
		845026A91E9555370040C8EA /* RaptorTests */ = {
			isa = PBXGroup;
			children = (
				845026AA1E9555370040C8EA /* RaptorTests.swift */,
				845026AC1E9555370040C8EA /* Info.plist */,
			);
			path = RaptorTests;
			sourceTree = "<group>";
		};
		845026B91E9577740040C8EA /* Frameworks */ = {
			isa = PBXGroup;
			children = (
				845026BA1E9577740040C8EA /* GLKit.framework */,
			);
			name = Frameworks;
			sourceTree = "<group>";
		};
/* End PBXGroup section */

/* Begin PBXNativeTarget section */
		845026911E9555370040C8EA /* Raptor */ = {
			isa = PBXNativeTarget;
			buildConfigurationList = 845026AF1E9555370040C8EA /* Build configuration list for PBXNativeTarget "Raptor" */;
			buildPhases = (
				8450268E1E9555370040C8EA /* Sources */,
				8450268F1E9555370040C8EA /* Frameworks */,
				845026901E9555370040C8EA /* Resources */,
			);
			buildRules = (
			);
			dependencies = (
			);
			name = Raptor;
			productName = Raptor;
			productReference = 845026921E9555370040C8EA /* Raptor.app */;
			productType = "com.apple.product-type.application";
		};
		845026A51E9555370040C8EA /* RaptorTests */ = {
			isa = PBXNativeTarget;
			buildConfigurationList = 845026B21E9555370040C8EA /* Build configuration list for PBXNativeTarget "RaptorTests" */;
			buildPhases = (
				845026A21E9555370040C8EA /* Sources */,
				845026A31E9555370040C8EA /* Frameworks */,
				845026A41E9555370040C8EA /* Resources */,
			);
			buildRules = (
			);
			dependencies = (
				845026A81E9555370040C8EA /* PBXTargetDependency */,
			);
			name = RaptorTests;
			productName = RaptorTests;
			productReference = 845026A61E9555370040C8EA /* RaptorTests.xctest */;
			productType = "com.apple.product-type.bundle.unit-test";
		};
/* End PBXNativeTarget section */

/* Begin PBXProject section */
		8450268A1E9555370040C8EA /* Project object */ = {
			isa = PBXProject;
			attributes = {
				LastSwiftUpdateCheck = 0830;
				LastUpgradeCheck = 0830;
				ORGANIZATIONNAME = JPDaines;
				TargetAttributes = {
					845026911E9555370040C8EA = {
						CreatedOnToolsVersion = 8.3;
						DevelopmentTeam = XS5FRJH7AZ;
						ProvisioningStyle = Automatic;
					};
					845026A51E9555370040C8EA = {
						CreatedOnToolsVersion = 8.3;
						DevelopmentTeam = XS5FRJH7AZ;
						ProvisioningStyle = Automatic;
						TestTargetID = 845026911E9555370040C8EA;
					};
				};
			};
			buildConfigurationList = 8450268D1E9555370040C8EA /* Build configuration list for PBXProject "Raptor" */;
			compatibilityVersion = "Xcode 3.2";
			developmentRegion = English;
			hasScannedForEncodings = 0;
			knownRegions = (
				en,
				Base,
			);
			mainGroup = 845026891E9555370040C8EA;
			productRefGroup = 845026931E9555370040C8EA /* Products */;
			projectDirPath = "";
			projectRoot = "";
			targets = (
				845026911E9555370040C8EA /* Raptor */,
				845026A51E9555370040C8EA /* RaptorTests */,
			);
		};
/* End PBXProject section */

/* Begin PBXResourcesBuildPhase section */
		845026901E9555370040C8EA /* Resources */ = {
			isa = PBXResourcesBuildPhase;
			buildActionMask = 2147483647;
			files = (
				845026A01E9555370040C8EA /* LaunchScreen.storyboard in Resources */,
				8450269D1E9555370040C8EA /* Assets.xcassets in Resources */,
			);
			runOnlyForDeploymentPostprocessing = 0;
		};
		845026A41E9555370040C8EA /* Resources */ = {
			isa = PBXResourcesBuildPhase;
			buildActionMask = 2147483647;
			files = (
			);
			runOnlyForDeploymentPostprocessing = 0;
		};
/* End PBXResourcesBuildPhase section */

/* Begin PBXSourcesBuildPhase section */
		8450268E1E9555370040C8EA /* Sources */ = {
			isa = PBXSourcesBuildPhase;
			buildActionMask = 2147483647;
			files = (
				845026981E9555370040C8EA /* ViewController.swift in Sources */,
				845026B61E9555570040C8EA /* Sprite.swift in Sources */,
				845026B81E95558D0040C8EA /* Vector.swift in Sources */,
				845026961E9555370040C8EA /* AppDelegate.swift in Sources */,
				84ED943F1E96D53D00817045 /* StaticSprite.swift in Sources */,
			);
			runOnlyForDeploymentPostprocessing = 0;
		};
		845026A21E9555370040C8EA /* Sources */ = {
			isa = PBXSourcesBuildPhase;
			buildActionMask = 2147483647;
			files = (
				845026AB1E9555370040C8EA /* RaptorTests.swift in Sources */,
			);
			runOnlyForDeploymentPostprocessing = 0;
		};
/* End PBXSourcesBuildPhase section */

/* Begin PBXTargetDependency section */
		845026A81E9555370040C8EA /* PBXTargetDependency */ = {
			isa = PBXTargetDependency;
			target = 845026911E9555370040C8EA /* Raptor */;
			targetProxy = 845026A71E9555370040C8EA /* PBXContainerItemProxy */;
		};
/* End PBXTargetDependency section */

/* Begin PBXVariantGroup section */
		8450269E1E9555370040C8EA /* LaunchScreen.storyboard */ = {
			isa = PBXVariantGroup;
			children = (
				8450269F1E9555370040C8EA /* Base */,
			);
			name = LaunchScreen.storyboard;
			sourceTree = "<group>";
		};
/* End PBXVariantGroup section */

/* Begin XCBuildConfiguration section */
		845026AD1E9555370040C8EA /* Debug */ = {
			isa = XCBuildConfiguration;
			buildSettings = {
				ALWAYS_SEARCH_USER_PATHS = NO;
				CLANG_ANALYZER_NONNULL = YES;
				CLANG_ANALYZER_NUMBER_OBJECT_CONVERSION = YES_AGGRESSIVE;
				CLANG_CXX_LANGUAGE_STANDARD = "gnu++0x";
				CLANG_CXX_LIBRARY = "libc++";
				CLANG_ENABLE_MODULES = YES;
				CLANG_ENABLE_OBJC_ARC = YES;
				CLANG_WARN_BOOL_CONVERSION = YES;
				CLANG_WARN_CONSTANT_CONVERSION = YES;
				CLANG_WARN_DIRECT_OBJC_ISA_USAGE = YES_ERROR;
				CLANG_WARN_DOCUMENTATION_COMMENTS = YES;
				CLANG_WARN_EMPTY_BODY = YES;
				CLANG_WARN_ENUM_CONVERSION = YES;
				CLANG_WARN_INFINITE_RECURSION = YES;
				CLANG_WARN_INT_CONVERSION = YES;
				CLANG_WARN_OBJC_ROOT_CLASS = YES_ERROR;
				CLANG_WARN_SUSPICIOUS_MOVE = YES;
				CLANG_WARN_UNREACHABLE_CODE = YES;
				CLANG_WARN__DUPLICATE_METHOD_MATCH = YES;
				"CODE_SIGN_IDENTITY[sdk=iphoneos*]" = "iPhone Developer";
				COPY_PHASE_STRIP = NO;
				DEBUG_INFORMATION_FORMAT = dwarf;
				ENABLE_STRICT_OBJC_MSGSEND = YES;
				ENABLE_TESTABILITY = YES;
				GCC_C_LANGUAGE_STANDARD = gnu99;
				GCC_DYNAMIC_NO_PIC = NO;
				GCC_NO_COMMON_BLOCKS = YES;
				GCC_OPTIMIZATION_LEVEL = 0;
				GCC_PREPROCESSOR_DEFINITIONS = (
					"DEBUG=1",
					"$(inherited)",
				);
				GCC_WARN_64_TO_32_BIT_CONVERSION = YES;
				GCC_WARN_ABOUT_RETURN_TYPE = YES_ERROR;
				GCC_WARN_UNDECLARED_SELECTOR = YES;
				GCC_WARN_UNINITIALIZED_AUTOS = YES_AGGRESSIVE;
				GCC_WARN_UNUSED_FUNCTION = YES;
				GCC_WARN_UNUSED_VARIABLE = YES;
				IPHONEOS_DEPLOYMENT_TARGET = 10.3;
				MTL_ENABLE_DEBUG_INFO = YES;
				ONLY_ACTIVE_ARCH = YES;
				SDKROOT = iphoneos;
				SWIFT_ACTIVE_COMPILATION_CONDITIONS = DEBUG;
				SWIFT_OPTIMIZATION_LEVEL = "-Onone";
				TARGETED_DEVICE_FAMILY = "1,2";
			};
			name = Debug;
		};
		845026AE1E9555370040C8EA /* Release */ = {
			isa = XCBuildConfiguration;
			buildSettings = {
				ALWAYS_SEARCH_USER_PATHS = NO;
				CLANG_ANALYZER_NONNULL = YES;
				CLANG_ANALYZER_NUMBER_OBJECT_CONVERSION = YES_AGGRESSIVE;
				CLANG_CXX_LANGUAGE_STANDARD = "gnu++0x";
				CLANG_CXX_LIBRARY = "libc++";
				CLANG_ENABLE_MODULES = YES;
				CLANG_ENABLE_OBJC_ARC = YES;
				CLANG_WARN_BOOL_CONVERSION = YES;
				CLANG_WARN_CONSTANT_CONVERSION = YES;
				CLANG_WARN_DIRECT_OBJC_ISA_USAGE = YES_ERROR;
				CLANG_WARN_DOCUMENTATION_COMMENTS = YES;
				CLANG_WARN_EMPTY_BODY = YES;
				CLANG_WARN_ENUM_CONVERSION = YES;
				CLANG_WARN_INFINITE_RECURSION = YES;
				CLANG_WARN_INT_CONVERSION = YES;
				CLANG_WARN_OBJC_ROOT_CLASS = YES_ERROR;
				CLANG_WARN_SUSPICIOUS_MOVE = YES;
				CLANG_WARN_UNREACHABLE_CODE = YES;
				CLANG_WARN__DUPLICATE_METHOD_MATCH = YES;
				"CODE_SIGN_IDENTITY[sdk=iphoneos*]" = "iPhone Developer";
				COPY_PHASE_STRIP = NO;
				DEBUG_INFORMATION_FORMAT = "dwarf-with-dsym";
				ENABLE_NS_ASSERTIONS = NO;
				ENABLE_STRICT_OBJC_MSGSEND = YES;
				GCC_C_LANGUAGE_STANDARD = gnu99;
				GCC_NO_COMMON_BLOCKS = YES;
				GCC_WARN_64_TO_32_BIT_CONVERSION = YES;
				GCC_WARN_ABOUT_RETURN_TYPE = YES_ERROR;
				GCC_WARN_UNDECLARED_SELECTOR = YES;
				GCC_WARN_UNINITIALIZED_AUTOS = YES_AGGRESSIVE;
				GCC_WARN_UNUSED_FUNCTION = YES;
				GCC_WARN_UNUSED_VARIABLE = YES;
				IPHONEOS_DEPLOYMENT_TARGET = 10.3;
				MTL_ENABLE_DEBUG_INFO = NO;
				SDKROOT = iphoneos;
				SWIFT_OPTIMIZATION_LEVEL = "-Owholemodule";
				TARGETED_DEVICE_FAMILY = "1,2";
				VALIDATE_PRODUCT = YES;
			};
			name = Release;
		};
		845026B01E9555370040C8EA /* Debug */ = {
			isa = XCBuildConfiguration;
			buildSettings = {
				ASSETCATALOG_COMPILER_APPICON_NAME = AppIcon;
				DEVELOPMENT_TEAM = XS5FRJH7AZ;
				INFOPLIST_FILE = Raptor/Info.plist;
				LD_RUNPATH_SEARCH_PATHS = "$(inherited) @executable_path/Frameworks";
				PRODUCT_BUNDLE_IDENTIFIER = JPDaines.Raptor;
				PRODUCT_NAME = "$(TARGET_NAME)";
				SWIFT_VERSION = 3.0;
			};
			name = Debug;
		};
		845026B11E9555370040C8EA /* Release */ = {
			isa = XCBuildConfiguration;
			buildSettings = {
				ASSETCATALOG_COMPILER_APPICON_NAME = AppIcon;
				DEVELOPMENT_TEAM = XS5FRJH7AZ;
				INFOPLIST_FILE = Raptor/Info.plist;
				LD_RUNPATH_SEARCH_PATHS = "$(inherited) @executable_path/Frameworks";
				PRODUCT_BUNDLE_IDENTIFIER = JPDaines.Raptor;
				PRODUCT_NAME = "$(TARGET_NAME)";
				SWIFT_VERSION = 3.0;
			};
			name = Release;
		};
		845026B31E9555370040C8EA /* Debug */ = {
			isa = XCBuildConfiguration;
			buildSettings = {
				ALWAYS_EMBED_SWIFT_STANDARD_LIBRARIES = YES;
				BUNDLE_LOADER = "$(TEST_HOST)";
				DEVELOPMENT_TEAM = XS5FRJH7AZ;
				INFOPLIST_FILE = RaptorTests/Info.plist;
				LD_RUNPATH_SEARCH_PATHS = "$(inherited) @executable_path/Frameworks @loader_path/Frameworks";
				PRODUCT_BUNDLE_IDENTIFIER = JPDaines.RaptorTests;
				PRODUCT_NAME = "$(TARGET_NAME)";
				SWIFT_VERSION = 3.0;
				TEST_HOST = "$(BUILT_PRODUCTS_DIR)/Raptor.app/Raptor";
			};
			name = Debug;
		};
		845026B41E9555370040C8EA /* Release */ = {
			isa = XCBuildConfiguration;
			buildSettings = {
				ALWAYS_EMBED_SWIFT_STANDARD_LIBRARIES = YES;
				BUNDLE_LOADER = "$(TEST_HOST)";
				DEVELOPMENT_TEAM = XS5FRJH7AZ;
				INFOPLIST_FILE = RaptorTests/Info.plist;
				LD_RUNPATH_SEARCH_PATHS = "$(inherited) @executable_path/Frameworks @loader_path/Frameworks";
				PRODUCT_BUNDLE_IDENTIFIER = JPDaines.RaptorTests;
				PRODUCT_NAME = "$(TARGET_NAME)";
				SWIFT_VERSION = 3.0;
				TEST_HOST = "$(BUILT_PRODUCTS_DIR)/Raptor.app/Raptor";
			};
			name = Release;
		};
/* End XCBuildConfiguration section */

/* Begin XCConfigurationList section */
		8450268D1E9555370040C8EA /* Build configuration list for PBXProject "Raptor" */ = {
			isa = XCConfigurationList;
			buildConfigurations = (
				845026AD1E9555370040C8EA /* Debug */,
				845026AE1E9555370040C8EA /* Release */,
			);
			defaultConfigurationIsVisible = 0;
			defaultConfigurationName = Release;
		};
		845026AF1E9555370040C8EA /* Build configuration list for PBXNativeTarget "Raptor" */ = {
			isa = XCConfigurationList;
			buildConfigurations = (
				845026B01E9555370040C8EA /* Debug */,
				845026B11E9555370040C8EA /* Release */,
			);
			defaultConfigurationIsVisible = 0;
			defaultConfigurationName = Release;
		};
		845026B21E9555370040C8EA /* Build configuration list for PBXNativeTarget "RaptorTests" */ = {
			isa = XCConfigurationList;
			buildConfigurations = (
				845026B31E9555370040C8EA /* Debug */,
				845026B41E9555370040C8EA /* Release */,
			);
			defaultConfigurationIsVisible = 0;
			defaultConfigurationName = Release;
		};
/* End XCConfigurationList section */
	};
	rootObject = 8450268A1E9555370040C8EA /* Project object */;
}
